
Microsoft Visual Studio Solution File, Format Version 12.00
# Visual Studio Version 17
VisualStudioVersion = 17.8.34316.72
MinimumVisualStudioVersion = 10.0.40219.1
Project("{FAE04EC0-301F-11D3-BF4B-00C04F79EFBC}") = "CaseSmartDoc", "CaseSmartDoc\CaseSmartDoc.csproj", "{7AB82BF1-8A80-40D7-8F52-767585EFAAE1}"
EndProject
Project("{FAE04EC0-301F-11D3-BF4B-00C04F79EFBC}") = "CaseSmartDoc.Tests", "CaseSmartDoc.Tests\CaseSmartDoc.Tests.csproj", "{3C10AD96-9C67-49F0-869F-4DB40441F3D6}"
EndProject
Global
	GlobalSection(SolutionConfigurationPlatforms) = preSolution
		Debug|Any CPU = Debug|Any CPU
		Release|Any CPU = Release|Any CPU
	EndGlobalSection
	GlobalSection(ProjectConfigurationPlatforms) = postSolution
		{7AB82BF1-8A80-40D7-8F52-767585EFAAE1}.Debug|Any CPU.ActiveCfg = Debug|Any CPU
		{7AB82BF1-8A80-40D7-8F52-767585EFAAE1}.Debug|Any CPU.Build.0 = Debug|Any CPU
		{7AB82BF1-8A80-40D7-8F52-767585EFAAE1}.Release|Any CPU.ActiveCfg = Release|Any CPU
		{7AB82BF1-8A80-40D7-8F52-767585EFAAE1}.Release|Any CPU.Build.0 = Release|Any CPU
		{3C10AD96-9C67-49F0-869F-4DB40441F3D6}.Debug|Any CPU.ActiveCfg = Debug|Any CPU
		{3C10AD96-9C67-49F0-869F-4DB40441F3D6}.Debug|Any CPU.Build.0 = Debug|Any CPU
		{3C10AD96-9C67-49F0-869F-4DB40441F3D6}.Release|Any CPU.ActiveCfg = Release|Any CPU
		{3C10AD96-9C67-49F0-869F-4DB40441F3D6}.Release|Any CPU.Build.0 = Release|Any CPU
	EndGlobalSection
	GlobalSection(SolutionProperties) = preSolution
		HideSolutionNode = FALSE
	EndGlobalSection
	GlobalSection(ExtensibilityGlobals) = postSolution
		SolutionGuid = {A2603199-1B86-4389-A4E2-B45C6E7C9699}
	EndGlobalSection
EndGlobal
